
Microsoft Visual Studio Solution File, Format Version 12.00
# Visual Studio Version 17
VisualStudioVersion = 17.12.35527.113 d17.12
MinimumVisualStudioVersion = 10.0.40219.1
Project("{FAE04EC0-301F-11D3-BF4B-00C04F79EFBC}") = "Obfuscator", "Obfuscator.csproj", "{BD26E6B0-400E-4083-926B-4D438FC6BF9F}"
EndProject
Project("{54435603-DBB4-11D2-8724-00A0C9A8B90C}") = "ObfusatorSetup", "..\ObfusatorSetup\ObfusatorSetup.vdproj", "{B922CF8F-7337-48B0-82F7-ABDFED2D1726}"
EndProject
Global
	GlobalSection(SolutionConfigurationPlatforms) = preSolution
		Debug|Any CPU = Debug|Any CPU
		Release|Any CPU = Release|Any CPU
	EndGlobalSection
	GlobalSection(ProjectConfigurationPlatforms) = postSolution
		{BD26E6B0-400E-4083-926B-4D438FC6BF9F}.Debug|Any CPU.ActiveCfg = Debug|Any CPU
		{BD26E6B0-400E-4083-926B-4D438FC6BF9F}.Debug|Any CPU.Build.0 = Debug|Any CPU
		{BD26E6B0-400E-4083-926B-4D438FC6BF9F}.Release|Any CPU.ActiveCfg = Release|Any CPU
		{BD26E6B0-400E-4083-926B-4D438FC6BF9F}.Release|Any CPU.Build.0 = Release|Any CPU
		{B922CF8F-7337-48B0-82F7-ABDFED2D1726}.Debug|Any CPU.ActiveCfg = Debug
		{B922CF8F-7337-48B0-82F7-ABDFED2D1726}.Release|Any CPU.ActiveCfg = Release
	EndGlobalSection
	GlobalSection(SolutionProperties) = preSolution
		HideSolutionNode = FALSE
	EndGlobalSection
EndGlobal
